// !$*UTF8*$!
{
	archiveVersion = 1;
	classes = {
	};
	objectVersion = 48;
	objects = {

/* Begin PBXBuildFile section */
		BE3039E81FB5FEF70006CA59 /* AppDelegate.swift in Sources */ = {isa = PBXBuildFile; fileRef = BE3039E71FB5FEF70006CA59 /* AppDelegate.swift */; };
		BE3039EA1FB5FEF70006CA59 /* ViewController.swift in Sources */ = {isa = PBXBuildFile; fileRef = BE3039E91FB5FEF70006CA59 /* ViewController.swift */; };
		BE3039ED1FB5FEF70006CA59 /* Main.storyboard in Resources */ = {isa = PBXBuildFile; fileRef = BE3039EB1FB5FEF70006CA59 /* Main.storyboard */; };
		BE3039F01FB5FEF70006CA59 /* iCatchUp.xcdatamodeld in Sources */ = {isa = PBXBuildFile; fileRef = BE3039EE1FB5FEF70006CA59 /* iCatchUp.xcdatamodeld */; };
		BE3039F21FB5FEF70006CA59 /* Assets.xcassets in Resources */ = {isa = PBXBuildFile; fileRef = BE3039F11FB5FEF70006CA59 /* Assets.xcassets */; };
		BE3039F51FB5FEF70006CA59 /* LaunchScreen.storyboard in Resources */ = {isa = PBXBuildFile; fileRef = BE3039F31FB5FEF70006CA59 /* LaunchScreen.storyboard */; };
/* End PBXBuildFile section */

/* Begin PBXFileReference section */
		BE3039E41FB5FEF70006CA59 /* iCatchUp.app */ = {isa = PBXFileReference; explicitFileType = wrapper.application; includeInIndex = 0; path = iCatchUp.app; sourceTree = BUILT_PRODUCTS_DIR; };
		BE3039E71FB5FEF70006CA59 /* AppDelegate.swift */ = {isa = PBXFileReference; lastKnownFileType = sourcecode.swift; path = AppDelegate.swift; sourceTree = "<group>"; };
		BE3039E91FB5FEF70006CA59 /* ViewController.swift */ = {isa = PBXFileReference; lastKnownFileType = sourcecode.swift; path = ViewController.swift; sourceTree = "<group>"; };
		BE3039EC1FB5FEF70006CA59 /* Base */ = {isa = PBXFileReference; lastKnownFileType = file.storyboard; name = Base; path = Base.lproj/Main.storyboard; sourceTree = "<group>"; };
		BE3039EF1FB5FEF70006CA59 /* iCatchUp.xcdatamodel */ = {isa = PBXFileReference; lastKnownFileType = wrapper.xcdatamodel; path = iCatchUp.xcdatamodel; sourceTree = "<group>"; };
		BE3039F11FB5FEF70006CA59 /* Assets.xcassets */ = {isa = PBXFileReference; lastKnownFileType = folder.assetcatalog; path = Assets.xcassets; sourceTree = "<group>"; };
		BE3039F41FB5FEF70006CA59 /* Base */ = {isa = PBXFileReference; lastKnownFileType = file.storyboard; name = Base; path = Base.lproj/LaunchScreen.storyboard; sourceTree = "<group>"; };
		BE3039F61FB5FEF70006CA59 /* Info.plist */ = {isa = PBXFileReference; lastKnownFileType = text.plist.xml; path = Info.plist; sourceTree = "<group>"; };
/* End PBXFileReference section */

/* Begin PBXFrameworksBuildPhase section */
		BE3039E11FB5FEF70006CA59 /* Frameworks */ = {
			isa = PBXFrameworksBuildPhase;
			buildActionMask = 2147483647;
			files = (
			);
			runOnlyForDeploymentPostprocessing = 0;
		};
/* End PBXFrameworksBuildPhase section */

/* Begin PBXGroup section */
		BE3039DB1FB5FEF70006CA59 = {
			isa = PBXGroup;
			children = (
				BE3039E61FB5FEF70006CA59 /* iCatchUp */,
				BE3039E51FB5FEF70006CA59 /* Products */,
			);
			sourceTree = "<group>";
		};
		BE3039E51FB5FEF70006CA59 /* Products */ = {
			isa = PBXGroup;
			children = (
				BE3039E41FB5FEF70006CA59 /* iCatchUp.app */,
			);
			name = Products;
			sourceTree = "<group>";
		};
		BE3039E61FB5FEF70006CA59 /* iCatchUp */ = {
			isa = PBXGroup;
			children = (
				BE3039E71FB5FEF70006CA59 /* AppDelegate.swift */,
				BE3039E91FB5FEF70006CA59 /* ViewController.swift */,
				BE3039EB1FB5FEF70006CA59 /* Main.storyboard */,
				BE3039F11FB5FEF70006CA59 /* Assets.xcassets */,
				BE3039F31FB5FEF70006CA59 /* LaunchScreen.storyboard */,
				BE3039F61FB5FEF70006CA59 /* Info.plist */,
				BE3039EE1FB5FEF70006CA59 /* iCatchUp.xcdatamodeld */,
			);
			path = iCatchUp;
			sourceTree = "<group>";
		};
/* End PBXGroup section */

/* Begin PBXNativeTarget section */
		BE3039E31FB5FEF70006CA59 /* iCatchUp */ = {
			isa = PBXNativeTarget;
			buildConfigurationList = BE3039F91FB5FEF70006CA59 /* Build configuration list for PBXNativeTarget "iCatchUp" */;
			buildPhases = (
				BE3039E01FB5FEF70006CA59 /* Sources */,
				BE3039E11FB5FEF70006CA59 /* Frameworks */,
				BE3039E21FB5FEF70006CA59 /* Resources */,
			);
			buildRules = (
			);
			dependencies = (
			);
			name = iCatchUp;
			productName = iCatchUp;
			productReference = BE3039E41FB5FEF70006CA59 /* iCatchUp.app */;
			productType = "com.apple.product-type.application";
		};
/* End PBXNativeTarget section */

/* Begin PBXProject section */
		BE3039DC1FB5FEF70006CA59 /* Project object */ = {
			isa = PBXProject;
			attributes = {
				LastSwiftUpdateCheck = 0910;
				LastUpgradeCheck = 0910;
				ORGANIZATIONNAME = UPC;
				TargetAttributes = {
					BE3039E31FB5FEF70006CA59 = {
						CreatedOnToolsVersion = 9.1;
						ProvisioningStyle = Automatic;
					};
				};
			};
			buildConfigurationList = BE3039DF1FB5FEF70006CA59 /* Build configuration list for PBXProject "iCatchUp" */;
			compatibilityVersion = "Xcode 8.0";
			developmentRegion = en;
			hasScannedForEncodings = 0;
			knownRegions = (
				en,
				Base,
			);
			mainGroup = BE3039DB1FB5FEF70006CA59;
			productRefGroup = BE3039E51FB5FEF70006CA59 /* Products */;
			projectDirPath = "";
			projectRoot = "";
			targets = (
				BE3039E31FB5FEF70006CA59 /* iCatchUp */,
			);
		};
/* End PBXProject section */

/* Begin PBXResourcesBuildPhase section */
		BE3039E21FB5FEF70006CA59 /* Resources */ = {
			isa = PBXResourcesBuildPhase;
			buildActionMask = 2147483647;
			files = (
				BE3039F51FB5FEF70006CA59 /* LaunchScreen.storyboard in Resources */,
				BE3039F21FB5FEF70006CA59 /* Assets.xcassets in Resources */,
				BE3039ED1FB5FEF70006CA59 /* Main.storyboard in Resources */,
			);
			runOnlyForDeploymentPostprocessing = 0;
		};
/* End PBXResourcesBuildPhase section */

/* Begin PBXSourcesBuildPhase section */
		BE3039E01FB5FEF70006CA59 /* Sources */ = {
			isa = PBXSourcesBuildPhase;
			buildActionMask = 2147483647;
			files = (
				BE3039EA1FB5FEF70006CA59 /* ViewController.swift in Sources */,
				BE3039F01FB5FEF70006CA59 /* iCatchUp.xcdatamodeld in Sources */,
				BE3039E81FB5FEF70006CA59 /* AppDelegate.swift in Sources */,
			);
			runOnlyForDeploymentPostprocessing = 0;
		};
/* End PBXSourcesBuildPhase section */

/* Begin PBXVariantGroup section */
		BE3039EB1FB5FEF70006CA59 /* Main.storyboard */ = {
			isa = PBXVariantGroup;
			children = (
				BE3039EC1FB5FEF70006CA59 /* Base */,
			);
			name = Main.storyboard;
			sourceTree = "<group>";
		};
		BE3039F31FB5FEF70006CA59 /* LaunchScreen.storyboard */ = {
			isa = PBXVariantGroup;
			children = (
				BE3039F41FB5FEF70006CA59 /* Base */,
			);
			name = LaunchScreen.storyboard;
			sourceTree = "<group>";
		};
/* End PBXVariantGroup section */

/* Begin XCBuildConfiguration section */
		BE3039F71FB5FEF70006CA59 /* Debug */ = {
			isa = XCBuildConfiguration;
			buildSettings = {
				ALWAYS_SEARCH_USER_PATHS = NO;
				CLANG_ANALYZER_NONNULL = YES;
				CLANG_ANALYZER_NUMBER_OBJECT_CONVERSION = YES_AGGRESSIVE;
				CLANG_CXX_LANGUAGE_STANDARD = "gnu++14";
				CLANG_CXX_LIBRARY = "libc++";
				CLANG_ENABLE_MODULES = YES;
				CLANG_ENABLE_OBJC_ARC = YES;
				CLANG_WARN_BLOCK_CAPTURE_AUTORELEASING = YES;
				CLANG_WARN_BOOL_CONVERSION = YES;
				CLANG_WARN_COMMA = YES;
				CLANG_WARN_CONSTANT_CONVERSION = YES;
				CLANG_WARN_DIRECT_OBJC_ISA_USAGE = YES_ERROR;
				CLANG_WARN_DOCUMENTATION_COMMENTS = YES;
				CLANG_WARN_EMPTY_BODY = YES;
				CLANG_WARN_ENUM_CONVERSION = YES;
				CLANG_WARN_INFINITE_RECURSION = YES;
				CLANG_WARN_INT_CONVERSION = YES;
				CLANG_WARN_NON_LITERAL_NULL_CONVERSION = YES;
				CLANG_WARN_OBJC_LITERAL_CONVERSION = YES;
				CLANG_WARN_OBJC_ROOT_CLASS = YES_ERROR;
				CLANG_WARN_RANGE_LOOP_ANALYSIS = YES;
				CLANG_WARN_STRICT_PROTOTYPES = YES;
				CLANG_WARN_SUSPICIOUS_MOVE = YES;
				CLANG_WARN_UNGUARDED_AVAILABILITY = YES_AGGRESSIVE;
				CLANG_WARN_UNREACHABLE_CODE = YES;
				CLANG_WARN__DUPLICATE_METHOD_MATCH = YES;
				CODE_SIGN_IDENTITY = "iPhone Developer";
				COPY_PHASE_STRIP = NO;
				DEBUG_INFORMATION_FORMAT = dwarf;
				ENABLE_STRICT_OBJC_MSGSEND = YES;
				ENABLE_TESTABILITY = YES;
				GCC_C_LANGUAGE_STANDARD = gnu11;
				GCC_DYNAMIC_NO_PIC = NO;
				GCC_NO_COMMON_BLOCKS = YES;
				GCC_OPTIMIZATION_LEVEL = 0;
				GCC_PREPROCESSOR_DEFINITIONS = (
					"DEBUG=1",
					"$(inherited)",
				);
				GCC_WARN_64_TO_32_BIT_CONVERSION = YES;
				GCC_WARN_ABOUT_RETURN_TYPE = YES_ERROR;
				GCC_WARN_UNDECLARED_SELECTOR = YES;
				GCC_WARN_UNINITIALIZED_AUTOS = YES_AGGRESSIVE;
				GCC_WARN_UNUSED_FUNCTION = YES;
				GCC_WARN_UNUSED_VARIABLE = YES;
				IPHONEOS_DEPLOYMENT_TARGET = 11.1;
				MTL_ENABLE_DEBUG_INFO = YES;
				ONLY_ACTIVE_ARCH = YES;
				SDKROOT = iphoneos;
				SWIFT_ACTIVE_COMPILATION_CONDITIONS = DEBUG;
				SWIFT_OPTIMIZATION_LEVEL = "-Onone";
			};
			name = Debug;
		};
		BE3039F81FB5FEF70006CA59 /* Release */ = {
			isa = XCBuildConfiguration;
			buildSettings = {
				ALWAYS_SEARCH_USER_PATHS = NO;
				CLANG_ANALYZER_NONNULL = YES;
				CLANG_ANALYZER_NUMBER_OBJECT_CONVERSION = YES_AGGRESSIVE;
				CLANG_CXX_LANGUAGE_STANDARD = "gnu++14";
				CLANG_CXX_LIBRARY = "libc++";
				CLANG_ENABLE_MODULES = YES;
				CLANG_ENABLE_OBJC_ARC = YES;
				CLANG_WARN_BLOCK_CAPTURE_AUTORELEASING = YES;
				CLANG_WARN_BOOL_CONVERSION = YES;
				CLANG_WARN_COMMA = YES;
				CLANG_WARN_CONSTANT_CONVERSION = YES;
				CLANG_WARN_DIRECT_OBJC_ISA_USAGE = YES_ERROR;
				CLANG_WARN_DOCUMENTATION_COMMENTS = YES;
				CLANG_WARN_EMPTY_BODY = YES;
				CLANG_WARN_ENUM_CONVERSION = YES;
				CLANG_WARN_INFINITE_RECURSION = YES;
				CLANG_WARN_INT_CONVERSION = YES;
				CLANG_WARN_NON_LITERAL_NULL_CONVERSION = YES;
				CLANG_WARN_OBJC_LITERAL_CONVERSION = YES;
				CLANG_WARN_OBJC_ROOT_CLASS = YES_ERROR;
				CLANG_WARN_RANGE_LOOP_ANALYSIS = YES;
				CLANG_WARN_STRICT_PROTOTYPES = YES;
				CLANG_WARN_SUSPICIOUS_MOVE = YES;
				CLANG_WARN_UNGUARDED_AVAILABILITY = YES_AGGRESSIVE;
				CLANG_WARN_UNREACHABLE_CODE = YES;
				CLANG_WARN__DUPLICATE_METHOD_MATCH = YES;
				CODE_SIGN_IDENTITY = "iPhone Developer";
				COPY_PHASE_STRIP = NO;
				DEBUG_INFORMATION_FORMAT = "dwarf-with-dsym";
				ENABLE_NS_ASSERTIONS = NO;
				ENABLE_STRICT_OBJC_MSGSEND = YES;
				GCC_C_LANGUAGE_STANDARD = gnu11;
				GCC_NO_COMMON_BLOCKS = YES;
				GCC_WARN_64_TO_32_BIT_CONVERSION = YES;
				GCC_WARN_ABOUT_RETURN_TYPE = YES_ERROR;
				GCC_WARN_UNDECLARED_SELECTOR = YES;
				GCC_WARN_UNINITIALIZED_AUTOS = YES_AGGRESSIVE;
				GCC_WARN_UNUSED_FUNCTION = YES;
				GCC_WARN_UNUSED_VARIABLE = YES;
				IPHONEOS_DEPLOYMENT_TARGET = 11.1;
				MTL_ENABLE_DEBUG_INFO = NO;
				SDKROOT = iphoneos;
				SWIFT_OPTIMIZATION_LEVEL = "-Owholemodule";
				VALIDATE_PRODUCT = YES;
			};
			name = Release;
		};
		BE3039FA1FB5FEF70006CA59 /* Debug */ = {
			isa = XCBuildConfiguration;
			buildSettings = {
				ASSETCATALOG_COMPILER_APPICON_NAME = AppIcon;
				CODE_SIGN_STYLE = Automatic;
				DEVELOPMENT_TEAM = 8468U436K8;
				INFOPLIST_FILE = iCatchUp/Info.plist;
				LD_RUNPATH_SEARCH_PATHS = "$(inherited) @executable_path/Frameworks";
				PRODUCT_BUNDLE_IDENTIFIER = pe.edu.upc.iCatchUp;
				PRODUCT_NAME = "$(TARGET_NAME)";
				SWIFT_VERSION = 4.0;
				TARGETED_DEVICE_FAMILY = "1,2";
			};
			name = Debug;
		};
		BE3039FB1FB5FEF70006CA59 /* Release */ = {
			isa = XCBuildConfiguration;
			buildSettings = {
				ASSETCATALOG_COMPILER_APPICON_NAME = AppIcon;
				CODE_SIGN_STYLE = Automatic;
				DEVELOPMENT_TEAM = 8468U436K8;
				INFOPLIST_FILE = iCatchUp/Info.plist;
				LD_RUNPATH_SEARCH_PATHS = "$(inherited) @executable_path/Frameworks";
				PRODUCT_BUNDLE_IDENTIFIER = pe.edu.upc.iCatchUp;
				PRODUCT_NAME = "$(TARGET_NAME)";
				SWIFT_VERSION = 4.0;
				TARGETED_DEVICE_FAMILY = "1,2";
			};
			name = Release;
		};
/* End XCBuildConfiguration section */

/* Begin XCConfigurationList section */
		BE3039DF1FB5FEF70006CA59 /* Build configuration list for PBXProject "iCatchUp" */ = {
			isa = XCConfigurationList;
			buildConfigurations = (
				BE3039F71FB5FEF70006CA59 /* Debug */,
				BE3039F81FB5FEF70006CA59 /* Release */,
			);
			defaultConfigurationIsVisible = 0;
			defaultConfigurationName = Release;
		};
		BE3039F91FB5FEF70006CA59 /* Build configuration list for PBXNativeTarget "iCatchUp" */ = {
			isa = XCConfigurationList;
			buildConfigurations = (
				BE3039FA1FB5FEF70006CA59 /* Debug */,
				BE3039FB1FB5FEF70006CA59 /* Release */,
			);
			defaultConfigurationIsVisible = 0;
			defaultConfigurationName = Release;
		};
/* End XCConfigurationList section */

/* Begin XCVersionGroup section */
		BE3039EE1FB5FEF70006CA59 /* iCatchUp.xcdatamodeld */ = {
			isa = XCVersionGroup;
			children = (
				BE3039EF1FB5FEF70006CA59 /* iCatchUp.xcdatamodel */,
			);
			currentVersion = BE3039EF1FB5FEF70006CA59 /* iCatchUp.xcdatamodel */;
			path = iCatchUp.xcdatamodeld;
			sourceTree = "<group>";
			versionGroupType = wrapper.xcdatamodel;
		};
/* End XCVersionGroup section */
	};
	rootObject = BE3039DC1FB5FEF70006CA59 /* Project object */;
}
